{
  "version": 4,
  "terraform_version": "1.12.0",
  "serial": 30,
  "lineage": "24d44e47-5424-882a-218e-2cf02680fa3a",
  "outputs": {
    "subnet_ids": {
      "value": [
        "subnet-0068230af37ac9766",
        "subnet-07e8193def35ac2d4"
      ],
      "type": [
        "tuple",
        [
          "string",
          "string"
        ]
      ]
    },
    "vpc_id": {
      "value": "vpc-019ad42fb1fdcaae3",
      "type": "string"
    }
  },
  "resources": [
    {
      "mode": "managed",
      "type": "aws_subnet",
      "name": "public_1",
      "provider": "provider[\"registry.terraform.io/hashicorp/aws\"]",
      "instances": [
        {
          "schema_version": 1,
          "attributes": {
            "arn": "arn:aws:ec2:eu-west-2:409973623162:subnet/subnet-0068230af37ac9766",
            "assign_ipv6_address_on_creation": false,
            "availability_zone": "eu-west-2b",
            "availability_zone_id": "euw2-az3",
            "cidr_block": "10.10.10.0/24",
            "customer_owned_ipv4_pool": "",
            "enable_dns64": false,
            "enable_lni_at_device_index": 0,
            "enable_resource_name_dns_a_record_on_launch": false,
            "enable_resource_name_dns_aaaa_record_on_launch": false,
            "id": "subnet-0068230af37ac9766",
            "ipv6_cidr_block": "",
            "ipv6_cidr_block_association_id": "",
            "ipv6_native": false,
            "map_customer_owned_ip_on_launch": false,
            "map_public_ip_on_launch": true,
            "outpost_arn": "",
            "owner_id": "409973623162",
            "private_dns_hostname_type_on_launch": "ip-name",
            "region": "eu-west-2",
            "tags": {
              "Name": "Subnet1",
              "deployed-by": "Muaaz",
              "managed-by": "Terraform"
            },
            "tags_all": {
              "Name": "Subnet1",
              "deployed-by": "Muaaz",
              "managed-by": "Terraform"
            },
            "timeouts": null,
            "vpc_id": "vpc-019ad42fb1fdcaae3"
          },
          "sensitive_attributes": [],
          "identity_schema_version": 0,
          "private": "eyJlMmJmYjczMC1lY2FhLTExZTYtOGY4OC0zNDM2M2JjN2M0YzAiOnsiY3JlYXRlIjo2MDAwMDAwMDAwMDAsImRlbGV0ZSI6MTIwMDAwMDAwMDAwMH0sInNjaGVtYV92ZXJzaW9uIjoiMSJ9",
          "dependencies": [
            "aws_vpc.this"
          ]
        }
      ]
    },
    {
      "mode": "managed",
      "type": "aws_subnet",
      "name": "public_2",
      "provider": "provider[\"registry.terraform.io/hashicorp/aws\"]",
      "instances": [
        {
          "schema_version": 1,
          "attributes": {
            "arn": "arn:aws:ec2:eu-west-2:409973623162:subnet/subnet-07e8193def35ac2d4",
            "assign_ipv6_address_on_creation": false,
            "availability_zone": "eu-west-2c",
            "availability_zone_id": "euw2-az1",
            "cidr_block": "10.10.11.0/24",
            "customer_owned_ipv4_pool": "",
            "enable_dns64": false,
            "enable_lni_at_device_index": 0,
            "enable_resource_name_dns_a_record_on_launch": false,
            "enable_resource_name_dns_aaaa_record_on_launch": false,
            "id": "subnet-07e8193def35ac2d4",
            "ipv6_cidr_block": "",
            "ipv6_cidr_block_association_id": "",
            "ipv6_native": false,
            "map_customer_owned_ip_on_launch": false,
            "map_public_ip_on_launch": true,
            "outpost_arn": "",
            "owner_id": "409973623162",
            "private_dns_hostname_type_on_launch": "ip-name",
            "region": "eu-west-2",
            "tags": {
              "Name": "Subnet2",
              "deployed-by": "Muaaz",
              "managed-by": "Terraform"
            },
            "tags_all": {
              "Name": "Subnet2",
              "deployed-by": "Muaaz",
              "managed-by": "Terraform"
            },
            "timeouts": null,
            "vpc_id": "vpc-019ad42fb1fdcaae3"
          },
          "sensitive_attributes": [],
          "identity_schema_version": 0,
          "private": "eyJlMmJmYjczMC1lY2FhLTExZTYtOGY4OC0zNDM2M2JjN2M0YzAiOnsiY3JlYXRlIjo2MDAwMDAwMDAwMDAsImRlbGV0ZSI6MTIwMDAwMDAwMDAwMH0sInNjaGVtYV92ZXJzaW9uIjoiMSJ9",
          "dependencies": [
            "aws_vpc.this"
          ]
        }
      ]
    },
    {
      "mode": "managed",
      "type": "aws_vpc",
      "name": "this",
      "provider": "provider[\"registry.terraform.io/hashicorp/aws\"]",
      "instances": [
        {
          "schema_version": 1,
          "attributes": {
            "arn": "arn:aws:ec2:eu-west-2:409973623162:vpc/vpc-019ad42fb1fdcaae3",
            "assign_generated_ipv6_cidr_block": false,
            "cidr_block": "10.10.0.0/20",
            "default_network_acl_id": "acl-0de38658a23c02e87",
            "default_route_table_id": "rtb-0d8defd6dba61cb81",
            "default_security_group_id": "sg-059e71a11ddcd9318",
            "dhcp_options_id": "dopt-00eec696777775e5d",
            "enable_dns_hostnames": false,
            "enable_dns_support": true,
            "enable_network_address_usage_metrics": false,
            "id": "vpc-019ad42fb1fdcaae3",
            "instance_tenancy": "default",
            "ipv4_ipam_pool_id": null,
            "ipv4_netmask_length": null,
            "ipv6_association_id": "",
            "ipv6_cidr_block": "",
            "ipv6_cidr_block_network_border_group": "",
            "ipv6_ipam_pool_id": "",
            "ipv6_netmask_length": 0,
            "main_route_table_id": "rtb-0d8defd6dba61cb81",
            "owner_id": "409973623162",
            "region": "eu-west-2",
            "tags": {
              "Name": "VPC",
              "deployed-by": "Muaaz",
              "managed-by": "Terraform"
            },
            "tags_all": {
              "Name": "VPC",
              "deployed-by": "Muaaz",
              "managed-by": "Terraform"
            }
          },
          "sensitive_attributes": [],
          "identity_schema_version": 0,
          "private": "eyJzY2hlbWFfdmVyc2lvbiI6IjEifQ=="
        }
      ]
    }
  ],
  "check_results": [
    {
      "object_kind": "var",
      "config_addr": "var.vpc_cidr",
      "status": "pass",
      "objects": [
        {
          "object_addr": "var.vpc_cidr",
          "status": "pass"
        }
      ]
    }
  ]
}
